
Microsoft Visual Studio Solution File, Format Version 12.00
# Visual Studio 15
VisualStudioVersion = 15.0.28307.1259
MinimumVisualStudioVersion = 10.0.40219.1
Project("{FAE04EC0-301F-11D3-BF4B-00C04F79EFBC}") = "practice 6", "practice 6\practice 6.csproj", "{12DAFF74-977D-4B5B-AF88-B64802E5756C}"
EndProject
Global
	GlobalSection(SolutionConfigurationPlatforms) = preSolution
		Debug|Any CPU = Debug|Any CPU
		Release|Any CPU = Release|Any CPU
	EndGlobalSection
	GlobalSection(ProjectConfigurationPlatforms) = postSolution
		{12DAFF74-977D-4B5B-AF88-B64802E5756C}.Debug|Any CPU.ActiveCfg = Debug|Any CPU
		{12DAFF74-977D-4B5B-AF88-B64802E5756C}.Debug|Any CPU.Build.0 = Debug|Any CPU
		{12DAFF74-977D-4B5B-AF88-B64802E5756C}.Release|Any CPU.ActiveCfg = Release|Any CPU
		{12DAFF74-977D-4B5B-AF88-B64802E5756C}.Release|Any CPU.Build.0 = Release|Any CPU
	EndGlobalSection
	GlobalSection(SolutionProperties) = preSolution
		HideSolutionNode = FALSE
	EndGlobalSection
	GlobalSection(ExtensibilityGlobals) = postSolution
		SolutionGuid = {22AE69F9-1321-48AE-ABF5-F4E83422DBA0}
	EndGlobalSection
EndGlobal
